{
    "_meta": {
        "hash": {
            "sha256": "7b411eae17b17894a89210bff50fa0786f294e0b52381d2a9cd2d30b6ffffcf1"
        },
        "pipfile-spec": 6,
        "requires": {},
        "sources": [
            {
                "url": "https://pypi.python.org/simple",
                "verify_ssl": true
            }
        ]
    },
    "default": {
        "cachetools": {
            "hashes": [
                "sha256:6a94c6402995a99c3970cc7e4884bb60b4a8639938157eeed436098bf9831757",
                "sha256:f9f17d2aec496a9aa6b76f53e3b614c965223c061982d434d160f930c698a9db"
            ],
            "markers": "python_version ~= '3.7'",
            "version": "==5.2.0"
        },
        "certifi": {
            "hashes": [
                "sha256:0d9c601124e5a6ba9712dbc60d9c53c21e34f5f641fe83002317394311bdce14",
                "sha256:90c1a32f1d68f940488354e36370f6cca89f0f106db09518524c88d6ed83f382"
            ],
            "markers": "python_version >= '3.6'",
            "version": "==2022.9.24"
        },
        "chardet": {
            "hashes": [
                "sha256:84ab92ed1c4d4f16916e05906b6b75a6c0fb5db821cc65e70cbd64a3e2a5eaae",
                "sha256:fc323ffcaeaed0e0a02bf4d117757b98aed530d9ed4531e3e15460124c106691"
            ],
            "version": "==3.0.4"
        },
        "colorgram-py": {
            "hashes": [
                "sha256:e77766a5f9de7207bdef8f1c22a702cbf09630eae3bc46a450b9d9f12a7bfdbf",
                "sha256:e990769fa6df7261a450c7d5bef3a1a062f09ba1214bff67b4d6f02970a1a27b"
            ],
            "version": "==1.2.0"
        },
        "colorsnap": {
            "hashes": [
                "sha256:77ad4de95e6bc67a10239a8665a58bdf84815cc83ae6d44a289599d74ec5b29c"
            ],
            "version": "==1.1.0"
        },
        "colour": {
            "hashes": [
                "sha256:33f6db9d564fadc16e59921a56999b79571160ce09916303d35346dddc17978c",
                "sha256:af20120fefd2afede8b001fbef2ea9da70ad7d49fafdb6489025dae8745c3aee"
            ],
            "version": "==0.1.5"
        },
        "dataskakare": {
            "hashes": [
                "sha256:18dfe6fb524d27e693041ca26f01d41aa66285477a086d34fce36ffa14a6955a",
                "sha256:42959788d6378493d33e88f5c428f80fc0aa1bb0e2fe07bc2730645fe1f1ed67"
            ],
            "version": "==0.2.0"
        },
        "google-api-core": {
            "extras": [
                "grpc"
            ],
            "hashes": [
                "sha256:859f7392676761f2b160c6ee030c3422135ada4458f0948c5690a6a7c8d86294",
                "sha256:92e962a087f1c4b8d1c5c88ade1c1dfd550047dcffb320c57ef6a534a20403e2"
            ],
            "markers": "python_version >= '2.7' and python_version not in '3.0, 3.1, 3.2, 3.3'",
            "version": "==1.16.0"
        },
        "google-auth": {
            "hashes": [
                "sha256:0f7c6a64927d34c1a474da92cfc59e552a5d3b940d3266606c6a28b72888b9e4",
                "sha256:20705f6803fd2c4d1cc2dcb0df09d4dfcb9a7d51fd59e94a3a28231fd93119ed"
            ],
            "version": "==1.6.3"
        },
        "google-cloud-core": {
            "hashes": [
                "sha256:07a024a26c4eb14ee3df7e6e5021c04f8f7e9f0e83d3d47863229f3635f871ce",
                "sha256:e84d4a05c58fc905b9340118e257cd043e9c02a6d31168182204afe4afd521eb"
            ],
            "markers": "python_version >= '2.7' and python_version not in '3.0, 3.1, 3.2, 3.3'",
            "version": "==1.4.0"
        },
        "google-cloud-translate": {
            "hashes": [
                "sha256:01a4d3550dbb785396eb80b69b22bb2c2ef435b101ebeba072f5630785a7040a",
                "sha256:5a63d4bf23a4cdba134ab5565f3f6e42955aac39f55509896a2cec23b55d31af"
            ],
            "markers": "python_version >= '2.7' and python_version not in '3.0, 3.1, 3.2, 3.3'",
            "version": "==2.0.2"
        },
        "google-cloud-vision": {
            "hashes": [
                "sha256:bc8ee773fb0dc4ae686e82904fd1a0068845edd32e937320d45019871f505b96",
                "sha256:f13dae45f8cff552802c2294f8bc29606f415988bebc9963ca704dce015e4081"
            ],
            "version": "==0.38.1"
        },
        "googleapis-common-protos": {
            "hashes": [
                "sha256:27a849d6205838fb6cc3c1c21cb9800707a661bb21c6ce7fb13e99eb1f8a0c46",
                "sha256:a9f4a1d7f6d9809657b7f1316a1aa527f6664891531bcfcc13b6696e685f443c"
            ],
            "markers": "python_version >= '3.7'",
            "version": "==1.57.0"
        },
        "grpcio": {
            "hashes": [
                "sha256:16c2e5d498f292d64146da5623986521a694afd2d0823184c71d917a8d2d63d3",
                "sha256:19f783b3e164673be26eb1b3b53a40b9ca12b034189e0c15c70561a596035652",
                "sha256:248c32ee8a0e7d16cfee74d14c8e169e434edbd74b2146a2a96d06200a8f7d03",
                "sha256:2f39dee8a6516089ab5469ebf03031a6a574508728e38627e5c5c6589a4d46b9",
                "sha256:32e7d90d02121aab458d1ba5a899ce4639df14b387e3e436eab17d167d23b386",
                "sha256:3344952c68588d26e877de2e15934437a027526609d0cea698e41151ac4a50cb",
                "sha256:36a4af2a423688d9a0dd70e5f0a118713446c49ddfebff14547b3418d15c3714",
                "sha256:39187d5ec73a69bd6ac497aaac59e8c226b6c7c16fc0e00cedf0f83ac1c79daa",
                "sha256:3ac1c1b63da14172ef2d9a012076d0c6a5885f0fd4fb6f1104f60da6470b9591",
                "sha256:3b9f67b703d0b8a0ca5308f31b5552a9bf1692060e04b929d2242656c0493dcf",
                "sha256:3c52aa919c5483179df2612076c9b24608f44277a7978eeeea3014bb31bfae18",
                "sha256:3d0d7ee2e5bd43175110d323ba9650595707504e5a7d049d6be337df7b4aee77",
                "sha256:425baff0b0182514b739565d95962b080be134499967c925dbd6aa7a5bc9d82b",
                "sha256:4bfe3622d2b0406ca867e7558d41a2b7aba312209ab889bfc17ae2d1cd17b6ba",
                "sha256:4c012b0d4c7c4ba3f832a339330d35975f0181f032ba66f40dd71bd99849b224",
                "sha256:4de91e690d9179aad372ccecf0d3600f37ad63dd17ae061f521b7baff4e3e1a0",
                "sha256:63b5d4543bba518ff0c1af3b8031595422a6e243f38d23588b528a08a7851522",
                "sha256:694e282673dbf178d08c1d0236f22838ec1e2ea1db144f59fe01f9b0514a2f73",
                "sha256:6f644401f26aae6d012c461eb0ffa3d1c4e4f447a23b061baad9c2e201fe1573",
                "sha256:748686b1bdd17d5752f35256bb92aacbcb5b6584ad612178a0af4b5301d38f06",
                "sha256:74aa0a5157fd28037e2e951cb0228a4a7cdcaaac75d8e5650191dfca8e8f9449",
                "sha256:8a4f4de445aa2ccd99abb3a09d27af38eee75b0d411b28db65aebd46fb6373ca",
                "sha256:94d2c83590dde9d87ab3ff5f47b293e0c3e908f683ad327f47eb78bb7f7e198d",
                "sha256:98a4858613f1bc991f79b2dc5d453cf5a8dd95a4fdab8b6daaaff33d8710dd1e",
                "sha256:a103811a4b318abc9b1592cd6cc9187d34bfb2e192eb0fe113dfabb38a162284",
                "sha256:a1d9409bc633028f992c05b6b8342dd94b946072fa192c059e626032fb7cc3e0",
                "sha256:a29913905bc23b0054be96234b8d39fdf3222430c5bf5756a97278ecd49dad0a",
                "sha256:a9fc58eba09407124edbb17d91e091a296702cef486bd03d50d34e40689c1406",
                "sha256:bf33ba7e178e75f61f24dd06947599ef04a911d0b384616a4fcb843485f6d92d",
                "sha256:c0bae51edce0eff1b4a89b57fead01638632ec2baadca3e5b94c730c5baa74e8",
                "sha256:c15b03b864c046ea3198cbb9be04b8a892216c105d3b5e7a5b7e33bc286aaacb",
                "sha256:c5157927f98ef9fce6919d3c46330c97e9a179ef1d912458127c71a07372f341",
                "sha256:ce4a5546f17d68ba0c25ea28edce70c56b354a3cf4e7d78617dec037864d38d5",
                "sha256:d08475daadc04756d2a20a4bd51fe873b9b4f02fbe11f7bfd8995a7199792c38",
                "sha256:d1b1418f9d2b7be2fbe3d6e12e19f48a8d24e18597315f01f4df5e019b2d2685",
                "sha256:d33e17ee64ed77ad9c6deeecf1146e9ee0472b1ca7d37dc4f5ae28fdf6ed8e4e",
                "sha256:da4e8d1daa741e9165ed9d6f1dba8b94d7d2fc477a43564d4e0b61eac7d5b8e9",
                "sha256:db22902f085dd4c7979abe3cc415035f4a75a553140c98b751a3ca22d978f2a2",
                "sha256:e0837ef421af003ba36be10b830e187e8434c9052ef90bfb1a6de1c8586eb5e8",
                "sha256:e743a40579711c02388b021203f0785f00ac486637fea6ce9f9ab12cbc13ad69",
                "sha256:ef535dd391e4029834cc1a30a0353ca0d11b21201df570df46e3d6f62323d65a",
                "sha256:f085e0439129e562c157f85195d8c3f9f538d0d90315d0e41593c47580386f93",
                "sha256:f5ea8351b4a8713dd2818721c771a2b43c53e229cfc095898779c3aaff6f786e",
                "sha256:fc5438ea90768017818d54049603e96d5ad0c8b592ec33b2cdc35eaf75582802",
                "sha256:fe4552c363be5affe5133b9ba66a04e3c1e4f243154666a94fefa357f6352250"
            ],
            "version": "==1.51.0"
        },
        "idna": {
            "hashes": [
                "sha256:c357b3f628cf53ae2c4c05627ecc484553142ca23264e593d327bcde5e9c3407",
                "sha256:ea8b7f6188e6fa117537c3df7da9fc686d485087abf6ac197f9c46432f7e4a3c"
            ],
            "version": "==2.8"
        },
        "pillow": {
            "hashes": [
                "sha256:03150abd92771742d4a8cd6f2fa6246d847dcd2e332a18d0c15cc75bf6703040",
                "sha256:073adb2ae23431d3b9bcbcff3fe698b62ed47211d0716b067385538a1b0f28b8",
                "sha256:0b07fffc13f474264c336298d1b4ce01d9c5a011415b79d4ee5527bb69ae6f65",
                "sha256:0b7257127d646ff8676ec8a15520013a698d1fdc48bc2a79ba4e53df792526f2",
                "sha256:12ce4932caf2ddf3e41d17fc9c02d67126935a44b86df6a206cf0d7161548627",
                "sha256:15c42fb9dea42465dfd902fb0ecf584b8848ceb28b41ee2b58f866411be33f07",
                "sha256:18498994b29e1cf86d505edcb7edbe814d133d2232d256db8c7a8ceb34d18cef",
                "sha256:1c7c8ae3864846fc95f4611c78129301e203aaa2af813b703c55d10cc1628535",
                "sha256:22b012ea2d065fd163ca096f4e37e47cd8b59cf4b0fd47bfca6abb93df70b34c",
                "sha256:276a5ca930c913f714e372b2591a22c4bd3b81a418c0f6635ba832daec1cbcfc",
                "sha256:2e0918e03aa0c72ea56edbb00d4d664294815aa11291a11504a377ea018330d3",
                "sha256:3033fbe1feb1b59394615a1cafaee85e49d01b51d54de0cbf6aa8e64182518a1",
                "sha256:3168434d303babf495d4ba58fc22d6604f6e2afb97adc6a423e917dab828939c",
                "sha256:32a44128c4bdca7f31de5be641187367fe2a450ad83b833ef78910397db491aa",
                "sha256:3dd6caf940756101205dffc5367babf288a30043d35f80936f9bfb37f8355b32",
                "sha256:40e1ce476a7804b0fb74bcfa80b0a2206ea6a882938eaba917f7a0f004b42502",
                "sha256:41e0051336807468be450d52b8edd12ac60bebaa97fe10c8b660f116e50b30e4",
                "sha256:4390e9ce199fc1951fcfa65795f239a8a4944117b5935a9317fb320e7767b40f",
                "sha256:502526a2cbfa431d9fc2a079bdd9061a2397b842bb6bc4239bb176da00993812",
                "sha256:51e0e543a33ed92db9f5ef69a0356e0b1a7a6b6a71b80df99f1d181ae5875636",
                "sha256:57751894f6618fd4308ed8e0c36c333e2f5469744c34729a27532b3db106ee20",
                "sha256:5d77adcd56a42d00cc1be30843d3426aa4e660cab4a61021dc84467123f7a00c",
                "sha256:655a83b0058ba47c7c52e4e2df5ecf484c1b0b0349805896dd350cbc416bdd91",
                "sha256:68943d632f1f9e3dce98908e873b3a090f6cba1cbb1b892a9e8d97c938871fbe",
                "sha256:6c738585d7a9961d8c2821a1eb3dcb978d14e238be3d70f0a706f7fa9316946b",
                "sha256:73bd195e43f3fadecfc50c682f5055ec32ee2c933243cafbfdec69ab1aa87cad",
                "sha256:772a91fc0e03eaf922c63badeca75e91baa80fe2f5f87bdaed4280662aad25c9",
                "sha256:77ec3e7be99629898c9a6d24a09de089fa5356ee408cdffffe62d67bb75fdd72",
                "sha256:7db8b751ad307d7cf238f02101e8e36a128a6cb199326e867d1398067381bff4",
                "sha256:801ec82e4188e935c7f5e22e006d01611d6b41661bba9fe45b60e7ac1a8f84de",
                "sha256:82409ffe29d70fd733ff3c1025a602abb3e67405d41b9403b00b01debc4c9a29",
                "sha256:828989c45c245518065a110434246c44a56a8b2b2f6347d1409c787e6e4651ee",
                "sha256:829f97c8e258593b9daa80638aee3789b7df9da5cf1336035016d76f03b8860c",
                "sha256:871b72c3643e516db4ecf20efe735deb27fe30ca17800e661d769faab45a18d7",
                "sha256:89dca0ce00a2b49024df6325925555d406b14aa3efc2f752dbb5940c52c56b11",
                "sha256:90fb88843d3902fe7c9586d439d1e8c05258f41da473952aa8b328d8b907498c",
                "sha256:97aabc5c50312afa5e0a2b07c17d4ac5e865b250986f8afe2b02d772567a380c",
                "sha256:9aaa107275d8527e9d6e7670b64aabaaa36e5b6bd71a1015ddd21da0d4e06448",
                "sha256:9f47eabcd2ded7698106b05c2c338672d16a6f2a485e74481f524e2a23c2794b",
                "sha256:a0a06a052c5f37b4ed81c613a455a81f9a3a69429b4fd7bb913c3fa98abefc20",
                "sha256:ab388aaa3f6ce52ac1cb8e122c4bd46657c15905904b3120a6248b5b8b0bc228",
                "sha256:ad58d27a5b0262c0c19b47d54c5802db9b34d38bbf886665b626aff83c74bacd",
                "sha256:ae5331c23ce118c53b172fa64a4c037eb83c9165aba3a7ba9ddd3ec9fa64a699",
                "sha256:af0372acb5d3598f36ec0914deed2a63f6bcdb7b606da04dc19a88d31bf0c05b",
                "sha256:afa4107d1b306cdf8953edde0534562607fe8811b6c4d9a486298ad31de733b2",
                "sha256:b03ae6f1a1878233ac620c98f3459f79fd77c7e3c2b20d460284e1fb370557d4",
                "sha256:b0915e734b33a474d76c28e07292f196cdf2a590a0d25bcc06e64e545f2d146c",
                "sha256:b4012d06c846dc2b80651b120e2cdd787b013deb39c09f407727ba90015c684f",
                "sha256:b472b5ea442148d1c3e2209f20f1e0bb0eb556538690fa70b5e1f79fa0ba8dc2",
                "sha256:b59430236b8e58840a0dfb4099a0e8717ffb779c952426a69ae435ca1f57210c",
                "sha256:b90f7616ea170e92820775ed47e136208e04c967271c9ef615b6fbd08d9af0e3",
                "sha256:b9a65733d103311331875c1dca05cb4606997fd33d6acfed695b1232ba1df193",
                "sha256:bac18ab8d2d1e6b4ce25e3424f709aceef668347db8637c2296bcf41acb7cf48",
                "sha256:bca31dd6014cb8b0b2db1e46081b0ca7d936f856da3b39744aef499db5d84d02",
                "sha256:be55f8457cd1eac957af0c3f5ece7bc3f033f89b114ef30f710882717670b2a8",
                "sha256:c7025dce65566eb6e89f56c9509d4f628fddcedb131d9465cacd3d8bac337e7e",
                "sha256:c935a22a557a560108d780f9a0fc426dd7459940dc54faa49d83249c8d3e760f",
                "sha256:dbb8e7f2abee51cef77673be97760abff1674ed32847ce04b4af90f610144c7b",
                "sha256:e6ea6b856a74d560d9326c0f5895ef8050126acfdc7ca08ad703eb0081e82b74",
                "sha256:ebf2029c1f464c59b8bdbe5143c79fa2045a581ac53679733d3a91d400ff9efb",
                "sha256:f1ff2ee69f10f13a9596480335f406dd1f70c3650349e2be67ca3139280cade0"
            ],
            "version": "==9.3.0"
        },
        "protobuf": {
            "hashes": [
                "sha256:2c9c2ed7466ad565f18668aa4731c535511c5d9a40c6da39524bccf43e441719",
                "sha256:48e2cd6b88c6ed3d5877a3ea40df79d08374088e89bedc32557348848dff250b",
                "sha256:5b0834e61fb38f34ba8840d7dcb2e5a2f03de0c714e0293b3963b79db26de8ce",
                "sha256:61f21493d96d2a77f9ca84fefa105872550ab5ef71d21c458eb80edcf4885a99",
                "sha256:6e0be9f09bf9b6cf497b27425487706fa48c6d1632ddd94dab1a5fe11a422392",
                "sha256:6e312e280fbe3c74ea9e080d9e6080b636798b5e3939242298b591064470b06b",
                "sha256:7eb8f2cc41a34e9c956c256e3ac766cf4e1a4c9c925dc757a41a01be3e852965",
                "sha256:84ea107016244dfc1eecae7684f7ce13c788b9a644cd3fca5b77871366556444",
                "sha256:9227c14010acd9ae7702d6467b4625b6fe853175a6b150e539b21d2b2f2b409c",
                "sha256:a419cc95fca8694804709b8c4f2326266d29659b126a93befe210f5bbc772536",
                "sha256:a7d0ea43949d45b836234f4ebb5ba0b22e7432d065394b532cdca8f98415e3cf",
                "sha256:b5ab0b8918c136345ff045d4b3d5f719b505b7c8af45092d7f45e304f55e50a1",
                "sha256:e575c57dc8b5b2b2caa436c16d44ef6981f2235eb7179bfc847557886376d740",
                "sha256:f9eae277dd240ae19bb06ff4e2346e771252b0e619421965504bd1b1bba7c5fa"
            ],
            "markers": "python_version >= '3.7'",
            "version": "==4.21.9"
        },
        "pyasn1": {
            "hashes": [
                "sha256:014c0e9976956a08139dc0712ae195324a75e142284d5f87f1a87ee1b068a359",
                "sha256:03840c999ba71680a131cfaee6fab142e1ed9bbd9c693e285cc6aca0d555e576",
                "sha256:0458773cfe65b153891ac249bcf1b5f8f320b7c2ce462151f8fa74de8934becf",
                "sha256:08c3c53b75eaa48d71cf8c710312316392ed40899cb34710d092e96745a358b7",
                "sha256:39c7e2ec30515947ff4e87fb6f456dfc6e84857d34be479c9d4a4ba4bf46aa5d",
                "sha256:5c9414dcfede6e441f7e8f81b43b34e834731003427e5b09e4e00e3172a10f00",
                "sha256:6e7545f1a61025a4e58bb336952c5061697da694db1cae97b116e9c46abcf7c8",
                "sha256:78fa6da68ed2727915c4767bb386ab32cdba863caa7dbe473eaae45f9959da86",
                "sha256:7ab8a544af125fb704feadb008c99a88805126fb525280b2270bb25cc1d78a12",
                "sha256:99fcc3c8d804d1bc6d9a099921e39d827026409a58f2a720dcdb89374ea0c776",
                "sha256:aef77c9fb94a3ac588e87841208bdec464471d9871bd5050a287cc9a475cd0ba",
                "sha256:e89bf84b5437b532b0803ba5c9a5e054d21fec423a89952a74f87fa2c9b7bce2",
                "sha256:fec3e9d8e36808a28efb59b489e4528c10ad0f480e57dcc32b4de5c9d8c9fdf3"
            ],
            "version": "==0.4.8"
        },
        "pyasn1-modules": {
            "hashes": [
                "sha256:0845a5582f6a02bb3e1bde9ecfc4bfcae6ec3210dd270522fee602365430c3f8",
                "sha256:0fe1b68d1e486a1ed5473f1302bd991c1611d319bba158e98b106ff86e1d7199",
                "sha256:15b7c67fabc7fc240d87fb9aabf999cf82311a6d6fb2c70d00d3d0604878c811",
                "sha256:426edb7a5e8879f1ec54a1864f16b882c2837bfd06eee62f2c982315ee2473ed",
                "sha256:65cebbaffc913f4fe9e4808735c95ea22d7a7775646ab690518c056784bc21b4",
                "sha256:905f84c712230b2c592c19470d3ca8d552de726050d1d1716282a1f6146be65e",
                "sha256:a50b808ffeb97cb3601dd25981f6b016cbb3d31fbf57a8b8a87428e6158d0c74",
                "sha256:a99324196732f53093a84c4369c996713eb8c89d360a496b599fb1a9c47fc3eb",
                "sha256:b80486a6c77252ea3a3e9b1e360bc9cf28eaac41263d173c032581ad2f20fe45",
                "sha256:c29a5e5cc7a3f05926aff34e097e84f8589cd790ce0ed41b67aed6857b26aafd",
                "sha256:cbac4bc38d117f2a49aeedec4407d23e8866ea4ac27ff2cf7fb3e5b570df19e0",
                "sha256:f39edd8c4ecaa4556e989147ebf219227e2cd2e8a43c7e7fcb1f1c18c5fd6a3d",
                "sha256:fe0644d9ab041506b62782e92b06b8c68cca799e1a9636ec398675459e031405"
            ],
            "version": "==0.2.8"
        },
        "pytz": {
            "hashes": [
                "sha256:222439474e9c98fced559f1709d89e6c9cbf8d79c794ff3eb9f8800064291427",
                "sha256:e89512406b793ca39f5971bc999cc538ce125c0e51c27941bef4568b460095e2"
            ],
            "version": "==2022.6"
        },
        "requests": {
            "hashes": [
                "sha256:11e007a8a2aa0323f5a921e9e6a2d7e4e67d9877e85773fba9ba6419025cbeb4",
                "sha256:9cf5292fcd0f598c671cfc1e0d7d1a7f13bb8085e9a590f48c010551dc6c4b31"
            ],
            "version": "==2.22.0"
        },
        "rsa": {
            "hashes": [
                "sha256:90260d9058e514786967344d0ef75fa8727eed8a7d2e43ce9f4bcf1b536174f7",
                "sha256:e38464a49c6c85d7f1351b0126661487a7e0a14a50f1675ec50eb34d4f20ef21"
            ],
            "markers": "python_version >= '3.6' and python_version < '4'",
            "version": "==4.9"
        },
        "setuptools": {
            "hashes": [
                "sha256:6211d2f5eddad8757bd0484923ca7c0a6302ebc4ab32ea5e94357176e0ca0840",
                "sha256:d1eebf881c6114e51df1664bc2c9133d022f78d12d5f4f665b9191f084e2862d"
            ],
            "markers": "python_version >= '3.7'",
            "version": "==65.6.0"
        },
        "six": {
            "hashes": [
                "sha256:1e61c37477a1626458e36f7b1d82aa5c9b094fa4802892072e49de9c60c4c926",
                "sha256:8abb2f1d86890a2dfb989f9a77cfcfd3e47c2a354b01111771326f8aa26e0254"
            ],
            "markers": "python_version >= '2.7' and python_version not in '3.0, 3.1, 3.2, 3.3'",
            "version": "==1.16.0"
        },
        "urllib3": {
            "hashes": [
                "sha256:8d7eaa5a82a1cac232164990f04874c594c9453ec55eef02eab885aa02fc17a2",
                "sha256:f5321fbe4bf3fefa0efd0bfe7fb14e90909eb62a48ccda331726b4319897dd5e"
            ],
            "markers": "python_version >= '2.7' and python_version not in '3.0, 3.1, 3.2, 3.3, 3.4' and python_version < '4'",
            "version": "==1.25.11"
        }
    },
    "develop": {}
}
